
Microsoft Visual Studio Solution File, Format Version 12.00
# Visual Studio Version 17
VisualStudioVersion = 17.7.34221.43
MinimumVisualStudioVersion = 10.0.40219.1
Project("{9A19103F-16F7-4668-BE54-9A1E7A4F7556}") = "EcommerceWeb.Server", "Server\EcommerceWeb.Server.csproj", "{36316096-A80F-4B78-A609-9451102BDEC1}"
EndProject
Project("{9A19103F-16F7-4668-BE54-9A1E7A4F7556}") = "EcommerceWeb.Client", "Client\EcommerceWeb.Client.csproj", "{91F83742-E7F1-48DD-815A-5E468EEC7F1C}"
EndProject
Project("{9A19103F-16F7-4668-BE54-9A1E7A4F7556}") = "EcommerceWeb.Shared", "Shared\EcommerceWeb.Shared.csproj", "{35CBEB15-8EA2-4B6F-827F-373906CC52C2}"
EndProject
Project("{FAE04EC0-301F-11D3-BF4B-00C04F79EFBC}") = "EcommerceWeb.DataAccess", "EcommerceWeb.DataAccess\EcommerceWeb.DataAccess.csproj", "{BDA4FCCA-B949-45A8-8F5E-140F7267D6BE}"
EndProject
Project("{FAE04EC0-301F-11D3-BF4B-00C04F79EFBC}") = "EcommerceWeb.Repositories", "EcommerceWeb.Repositories\EcommerceWeb.Repositories.csproj", "{B6BFF42B-DDAE-4A21-B781-C7D00C5A059E}"
EndProject
Project("{FAE04EC0-301F-11D3-BF4B-00C04F79EFBC}") = "EcommerceWeb.Entities", "EcommerceWeb.Entities\EcommerceWeb.Entities.csproj", "{7D40EB29-03F7-4CA3-B86A-3BEB064AA732}"
EndProject
Global
	GlobalSection(SolutionConfigurationPlatforms) = preSolution
		Debug|Any CPU = Debug|Any CPU
		Release|Any CPU = Release|Any CPU
	EndGlobalSection
	GlobalSection(ProjectConfigurationPlatforms) = postSolution
		{36316096-A80F-4B78-A609-9451102BDEC1}.Debug|Any CPU.ActiveCfg = Debug|Any CPU
		{36316096-A80F-4B78-A609-9451102BDEC1}.Debug|Any CPU.Build.0 = Debug|Any CPU
		{36316096-A80F-4B78-A609-9451102BDEC1}.Release|Any CPU.ActiveCfg = Release|Any CPU
		{36316096-A80F-4B78-A609-9451102BDEC1}.Release|Any CPU.Build.0 = Release|Any CPU
		{91F83742-E7F1-48DD-815A-5E468EEC7F1C}.Debug|Any CPU.ActiveCfg = Debug|Any CPU
		{91F83742-E7F1-48DD-815A-5E468EEC7F1C}.Debug|Any CPU.Build.0 = Debug|Any CPU
		{91F83742-E7F1-48DD-815A-5E468EEC7F1C}.Release|Any CPU.ActiveCfg = Release|Any CPU
		{91F83742-E7F1-48DD-815A-5E468EEC7F1C}.Release|Any CPU.Build.0 = Release|Any CPU
		{35CBEB15-8EA2-4B6F-827F-373906CC52C2}.Debug|Any CPU.ActiveCfg = Debug|Any CPU
		{35CBEB15-8EA2-4B6F-827F-373906CC52C2}.Debug|Any CPU.Build.0 = Debug|Any CPU
		{35CBEB15-8EA2-4B6F-827F-373906CC52C2}.Release|Any CPU.ActiveCfg = Release|Any CPU
		{35CBEB15-8EA2-4B6F-827F-373906CC52C2}.Release|Any CPU.Build.0 = Release|Any CPU
		{BDA4FCCA-B949-45A8-8F5E-140F7267D6BE}.Debug|Any CPU.ActiveCfg = Debug|Any CPU
		{BDA4FCCA-B949-45A8-8F5E-140F7267D6BE}.Debug|Any CPU.Build.0 = Debug|Any CPU
		{BDA4FCCA-B949-45A8-8F5E-140F7267D6BE}.Release|Any CPU.ActiveCfg = Release|Any CPU
		{BDA4FCCA-B949-45A8-8F5E-140F7267D6BE}.Release|Any CPU.Build.0 = Release|Any CPU
		{B6BFF42B-DDAE-4A21-B781-C7D00C5A059E}.Debug|Any CPU.ActiveCfg = Debug|Any CPU
		{B6BFF42B-DDAE-4A21-B781-C7D00C5A059E}.Debug|Any CPU.Build.0 = Debug|Any CPU
		{B6BFF42B-DDAE-4A21-B781-C7D00C5A059E}.Release|Any CPU.ActiveCfg = Release|Any CPU
		{B6BFF42B-DDAE-4A21-B781-C7D00C5A059E}.Release|Any CPU.Build.0 = Release|Any CPU
		{7D40EB29-03F7-4CA3-B86A-3BEB064AA732}.Debug|Any CPU.ActiveCfg = Debug|Any CPU
		{7D40EB29-03F7-4CA3-B86A-3BEB064AA732}.Debug|Any CPU.Build.0 = Debug|Any CPU
		{7D40EB29-03F7-4CA3-B86A-3BEB064AA732}.Release|Any CPU.ActiveCfg = Release|Any CPU
		{7D40EB29-03F7-4CA3-B86A-3BEB064AA732}.Release|Any CPU.Build.0 = Release|Any CPU
	EndGlobalSection
	GlobalSection(SolutionProperties) = preSolution
		HideSolutionNode = FALSE
	EndGlobalSection
	GlobalSection(ExtensibilityGlobals) = postSolution
		SolutionGuid = {0242E549-34B2-452A-A80F-A9B5085EEA57}
	EndGlobalSection
EndGlobal
